
Microsoft Visual Studio Solution File, Format Version 12.00
# Visual Studio Version 16
VisualStudioVersion = 16.0.34301.259
MinimumVisualStudioVersion = 10.0.40219.1
Project("{FAE04EC0-301F-11D3-BF4B-00C04F79EFBC}") = "AgentHub", "AgentHub\AgentHub.csproj", "{FFA26B3C-6007-4169-85D4-E98EA73B9F98}"
EndProject
Project("{9A19103F-16F7-4668-BE54-9A1E7A4F7556}") = "EmbedIO", "EmbedIO\EmbedIO.csproj", "{1CC285FE-6AB7-4EBE-ABA3-8E6F56655A75}"
EndProject
Project("{FAE04EC0-301F-11D3-BF4B-00C04F79EFBC}") = "AgentHub.Tests", "AgentHub.Tests\AgentHub.Tests.csproj", "{D4AD40EC-B90D-42BE-B7AC-8F28C417DE19}"
EndProject
Global
	GlobalSection(SolutionConfigurationPlatforms) = preSolution
		Debug|Any CPU = Debug|Any CPU
		Debug|x86 = Debug|x86
		Release|Any CPU = Release|Any CPU
		Release|x86 = Release|x86
	EndGlobalSection
	GlobalSection(ProjectConfigurationPlatforms) = postSolution
		{FFA26B3C-6007-4169-85D4-E98EA73B9F98}.Debug|Any CPU.ActiveCfg = Debug|Any CPU
		{FFA26B3C-6007-4169-85D4-E98EA73B9F98}.Debug|Any CPU.Build.0 = Debug|Any CPU
		{FFA26B3C-6007-4169-85D4-E98EA73B9F98}.Debug|x86.ActiveCfg = Debug|Any CPU
		{FFA26B3C-6007-4169-85D4-E98EA73B9F98}.Debug|x86.Build.0 = Debug|Any CPU
		{FFA26B3C-6007-4169-85D4-E98EA73B9F98}.Release|Any CPU.ActiveCfg = Release|Any CPU
		{FFA26B3C-6007-4169-85D4-E98EA73B9F98}.Release|Any CPU.Build.0 = Release|Any CPU
		{FFA26B3C-6007-4169-85D4-E98EA73B9F98}.Release|x86.ActiveCfg = Release|Any CPU
		{FFA26B3C-6007-4169-85D4-E98EA73B9F98}.Release|x86.Build.0 = Release|Any CPU
		{1CC285FE-6AB7-4EBE-ABA3-8E6F56655A75}.Debug|Any CPU.ActiveCfg = Debug|Any CPU
		{1CC285FE-6AB7-4EBE-ABA3-8E6F56655A75}.Debug|Any CPU.Build.0 = Debug|Any CPU
		{1CC285FE-6AB7-4EBE-ABA3-8E6F56655A75}.Debug|x86.ActiveCfg = Debug|x86
		{1CC285FE-6AB7-4EBE-ABA3-8E6F56655A75}.Debug|x86.Build.0 = Debug|x86
		{1CC285FE-6AB7-4EBE-ABA3-8E6F56655A75}.Release|Any CPU.ActiveCfg = Release|Any CPU
		{1CC285FE-6AB7-4EBE-ABA3-8E6F56655A75}.Release|Any CPU.Build.0 = Release|Any CPU
		{1CC285FE-6AB7-4EBE-ABA3-8E6F56655A75}.Release|x86.ActiveCfg = Release|x86
		{1CC285FE-6AB7-4EBE-ABA3-8E6F56655A75}.Release|x86.Build.0 = Release|x86
		{D4AD40EC-B90D-42BE-B7AC-8F28C417DE19}.Debug|Any CPU.ActiveCfg = Debug|Any CPU
		{D4AD40EC-B90D-42BE-B7AC-8F28C417DE19}.Debug|Any CPU.Build.0 = Debug|Any CPU
		{D4AD40EC-B90D-42BE-B7AC-8F28C417DE19}.Debug|x86.ActiveCfg = Debug|Any CPU
		{D4AD40EC-B90D-42BE-B7AC-8F28C417DE19}.Debug|x86.Build.0 = Debug|Any CPU
		{D4AD40EC-B90D-42BE-B7AC-8F28C417DE19}.Release|Any CPU.ActiveCfg = Release|Any CPU
		{D4AD40EC-B90D-42BE-B7AC-8F28C417DE19}.Release|Any CPU.Build.0 = Release|Any CPU
		{D4AD40EC-B90D-42BE-B7AC-8F28C417DE19}.Release|x86.ActiveCfg = Release|Any CPU
		{D4AD40EC-B90D-42BE-B7AC-8F28C417DE19}.Release|x86.Build.0 = Release|Any CPU
	EndGlobalSection
	GlobalSection(SolutionProperties) = preSolution
		HideSolutionNode = FALSE
	EndGlobalSection
	GlobalSection(ExtensibilityGlobals) = postSolution
		SolutionGuid = {5540E5EA-AA4C-4F2B-A639-45C54D134152}
	EndGlobalSection
EndGlobal
